PODS:
  - CardPaymentFramework (1.0.0)

DEPENDENCIES:
  - CardPaymentFramework (from `../CardPaymentFramework`)

EXTERNAL SOURCES:
  CardPaymentFramework:
    :path: "../CardPaymentFramework"

SPEC CHECKSUMS:
  CardPaymentFramework: 35ba3b03dc2c903c6d0bf90d3252c635434be01d

PODFILE CHECKSUM: 085a13cfae727ed775cc8113cb5ca358b1e97525

COCOAPODS: 1.12.1
